// !$*UTF8*$!
{
	archiveVersion = 1;
	classes = {
	};
	objectVersion = 50;
	objects = {

/* Begin PBXBuildFile section */
		7AF4D21E239D6F460089357F /* AppDelegate.swift in Sources */ = {isa = PBXBuildFile; fileRef = 7AF4D21D239D6F460089357F /* AppDelegate.swift */; };
		7AF4D220239D6F460089357F /* ViewController.swift in Sources */ = {isa = PBXBuildFile; fileRef = 7AF4D21F239D6F460089357F /* ViewController.swift */; };
		7AF4D223239D6F460089357F /* Main.storyboard in Resources */ = {isa = PBXBuildFile; fileRef = 7AF4D221239D6F460089357F /* Main.storyboard */; };
		7AF4D225239D6F490089357F /* Assets.xcassets in Resources */ = {isa = PBXBuildFile; fileRef = 7AF4D224239D6F490089357F /* Assets.xcassets */; };
		7AF4D228239D6F490089357F /* LaunchScreen.storyboard in Resources */ = {isa = PBXBuildFile; fileRef = 7AF4D226239D6F490089357F /* LaunchScreen.storyboard */; };
		AE0C414072FE9D0F580B4544 /* GoogleService-Info.plist in Resources */ = {isa = PBXBuildFile; fileRef = AE0C4AA343EE97D40E5C834A /* GoogleService-Info.plist */; };
		EA80DA9AE3034800188DC602 /* Pods_singleViewIosApp.framework in Frameworks */ = {isa = PBXBuildFile; fileRef = 682DB4EC609DEFB618A849A8 /* Pods_singleViewIosApp.framework */; };
/* End PBXBuildFile section */

/* Begin PBXFileReference section */
		682DB4EC609DEFB618A849A8 /* Pods_singleViewIosApp.framework */ = {isa = PBXFileReference; explicitFileType = wrapper.framework; includeInIndex = 0; path = Pods_singleViewIosApp.framework; sourceTree = BUILT_PRODUCTS_DIR; };
		7AF4D21A239D6F460089357F /* singleViewIosApp.app */ = {isa = PBXFileReference; explicitFileType = wrapper.application; includeInIndex = 0; path = singleViewIosApp.app; sourceTree = BUILT_PRODUCTS_DIR; };
		7AF4D21D239D6F460089357F /* AppDelegate.swift */ = {isa = PBXFileReference; lastKnownFileType = sourcecode.swift; path = AppDelegate.swift; sourceTree = "<group>"; };
		7AF4D21F239D6F460089357F /* ViewController.swift */ = {isa = PBXFileReference; lastKnownFileType = sourcecode.swift; path = ViewController.swift; sourceTree = "<group>"; };
		7AF4D222239D6F460089357F /* Base */ = {isa = PBXFileReference; lastKnownFileType = file.storyboard; name = Base; path = Base.lproj/Main.storyboard; sourceTree = "<group>"; };
		7AF4D224239D6F490089357F /* Assets.xcassets */ = {isa = PBXFileReference; lastKnownFileType = folder.assetcatalog; path = Assets.xcassets; sourceTree = "<group>"; };
		7AF4D227239D6F490089357F /* Base */ = {isa = PBXFileReference; lastKnownFileType = file.storyboard; name = Base; path = Base.lproj/LaunchScreen.storyboard; sourceTree = "<group>"; };
		7AF4D229239D6F490089357F /* Info.plist */ = {isa = PBXFileReference; lastKnownFileType = text.plist.xml; path = Info.plist; sourceTree = "<group>"; };
		A1A92F990A4E1AECFC6BB169 /* Pods-singleViewIosApp.debug.xcconfig */ = {isa = PBXFileReference; includeInIndex = 1; lastKnownFileType = text.xcconfig; name = "Pods-singleViewIosApp.debug.xcconfig"; path = "Target Support Files/Pods-singleViewIosApp/Pods-singleViewIosApp.debug.xcconfig"; sourceTree = "<group>"; };
		ADA98A72EAFC9FC7DE748A55 /* Pods-singleViewIosApp.release.xcconfig */ = {isa = PBXFileReference; includeInIndex = 1; lastKnownFileType = text.xcconfig; name = "Pods-singleViewIosApp.release.xcconfig"; path = "Target Support Files/Pods-singleViewIosApp/Pods-singleViewIosApp.release.xcconfig"; sourceTree = "<group>"; };
		AE0C4AA343EE97D40E5C834A /* GoogleService-Info.plist */ = {isa = PBXFileReference; fileEncoding = 4; lastKnownFileType = text.plist.info; path = "GoogleService-Info.plist"; sourceTree = "<group>"; };
/* End PBXFileReference section */

/* Begin PBXFrameworksBuildPhase section */
		7AF4D217239D6F460089357F /* Frameworks */ = {
			isa = PBXFrameworksBuildPhase;
			buildActionMask = 2147483647;
			files = (
				EA80DA9AE3034800188DC602 /* Pods_singleViewIosApp.framework in Frameworks */,
			);
			runOnlyForDeploymentPostprocessing = 0;
		};
/* End PBXFrameworksBuildPhase section */

/* Begin PBXGroup section */
		150516F39D3F9DA2689CE565 /* Pods */ = {
			isa = PBXGroup;
			children = (
				A1A92F990A4E1AECFC6BB169 /* Pods-singleViewIosApp.debug.xcconfig */,
				ADA98A72EAFC9FC7DE748A55 /* Pods-singleViewIosApp.release.xcconfig */,
			);
			name = Pods;
			path = Pods;
			sourceTree = "<group>";
		};
		7AF4D211239D6F460089357F = {
			isa = PBXGroup;
			children = (
				7AF4D21C239D6F460089357F /* singleViewIosApp */,
				7AF4D21B239D6F460089357F /* Products */,
				150516F39D3F9DA2689CE565 /* Pods */,
				B438CDB206CE6E512BE526D8 /* Frameworks */,
			);
			sourceTree = "<group>";
		};
		7AF4D21B239D6F460089357F /* Products */ = {
			isa = PBXGroup;
			children = (
				7AF4D21A239D6F460089357F /* singleViewIosApp.app */,
			);
			name = Products;
			sourceTree = "<group>";
		};
		7AF4D21C239D6F460089357F /* singleViewIosApp */ = {
			isa = PBXGroup;
			children = (
				7AF4D21D239D6F460089357F /* AppDelegate.swift */,
				7AF4D21F239D6F460089357F /* ViewController.swift */,
				7AF4D221239D6F460089357F /* Main.storyboard */,
				7AF4D224239D6F490089357F /* Assets.xcassets */,
				7AF4D226239D6F490089357F /* LaunchScreen.storyboard */,
				7AF4D229239D6F490089357F /* Info.plist */,
				AE0C4AA343EE97D40E5C834A /* GoogleService-Info.plist */,
			);
			path = singleViewIosApp;
			sourceTree = "<group>";
		};
		B438CDB206CE6E512BE526D8 /* Frameworks */ = {
			isa = PBXGroup;
			children = (
				682DB4EC609DEFB618A849A8 /* Pods_singleViewIosApp.framework */,
			);
			name = Frameworks;
			sourceTree = "<group>";
		};
/* End PBXGroup section */

/* Begin PBXNativeTarget section */
		7AF4D219239D6F460089357F /* singleViewIosApp */ = {
			isa = PBXNativeTarget;
			buildConfigurationList = 7AF4D22C239D6F490089357F /* Build configuration list for PBXNativeTarget "singleViewIosApp" */;
			buildPhases = (
				D1D75A9C6A1FAB67D66FAD06 /* [CP] Check Pods Manifest.lock */,
				7AF4D216239D6F460089357F /* Sources */,
				7AF4D217239D6F460089357F /* Frameworks */,
				7AF4D218239D6F460089357F /* Resources */,
				9558C1D3D189A40214569DFE /* [CP] Embed Pods Frameworks */,
			);
			buildRules = (
			);
			dependencies = (
			);
			name = singleViewIosApp;
			productName = singleViewIosApp;
			productReference = 7AF4D21A239D6F460089357F /* singleViewIosApp.app */;
			productType = "com.apple.product-type.application";
		};
/* End PBXNativeTarget section */

/* Begin PBXProject section */
		7AF4D212239D6F460089357F /* Project object */ = {
			isa = PBXProject;
			attributes = {
				LastSwiftUpdateCheck = 1010;
				LastUpgradeCheck = 1010;
				ORGANIZATIONNAME = Evgeniy;
				TargetAttributes = {
					7AF4D219239D6F460089357F = {
						CreatedOnToolsVersion = 10.1;
					};
				};
			};
			buildConfigurationList = 7AF4D215239D6F460089357F /* Build configuration list for PBXProject "singleViewIosApp" */;
			compatibilityVersion = "Xcode 9.3";
			developmentRegion = en;
			hasScannedForEncodings = 0;
			knownRegions = (
				en,
				Base,
			);
			mainGroup = 7AF4D211239D6F460089357F;
			productRefGroup = 7AF4D21B239D6F460089357F /* Products */;
			projectDirPath = "";
			projectRoot = "";
			targets = (
				7AF4D219239D6F460089357F /* singleViewIosApp */,
			);
		};
/* End PBXProject section */

/* Begin PBXResourcesBuildPhase section */
		7AF4D218239D6F460089357F /* Resources */ = {
			isa = PBXResourcesBuildPhase;
			buildActionMask = 2147483647;
			files = (
				7AF4D228239D6F490089357F /* LaunchScreen.storyboard in Resources */,
				7AF4D225239D6F490089357F /* Assets.xcassets in Resources */,
				7AF4D223239D6F460089357F /* Main.storyboard in Resources */,
				AE0C414072FE9D0F580B4544 /* GoogleService-Info.plist in Resources */,
			);
			runOnlyForDeploymentPostprocessing = 0;
		};
/* End PBXResourcesBuildPhase section */

/* Begin PBXShellScriptBuildPhase section */
		9558C1D3D189A40214569DFE /* [CP] Embed Pods Frameworks */ = {
			isa = PBXShellScriptBuildPhase;
			buildActionMask = 2147483647;
			files = (
			);
			inputFileListPaths = (
				"${PODS_ROOT}/Target Support Files/Pods-singleViewIosApp/Pods-singleViewIosApp-frameworks-${CONFIGURATION}-input-files.xcfilelist",
			);
			name = "[CP] Embed Pods Frameworks";
			outputFileListPaths = (
				"${PODS_ROOT}/Target Support Files/Pods-singleViewIosApp/Pods-singleViewIosApp-frameworks-${CONFIGURATION}-output-files.xcfilelist",
			);
			runOnlyForDeploymentPostprocessing = 0;
			shellPath = /bin/sh;
			shellScript = "\"${PODS_ROOT}/Target Support Files/Pods-singleViewIosApp/Pods-singleViewIosApp-frameworks.sh\"\n";
			showEnvVarsInLog = 0;
		};
		D1D75A9C6A1FAB67D66FAD06 /* [CP] Check Pods Manifest.lock */ = {
			isa = PBXShellScriptBuildPhase;
			buildActionMask = 2147483647;
			files = (
			);
			inputFileListPaths = (
			);
			inputPaths = (
				"${PODS_PODFILE_DIR_PATH}/Podfile.lock",
				"${PODS_ROOT}/Manifest.lock",
			);
			name = "[CP] Check Pods Manifest.lock";
			outputFileListPaths = (
			);
			outputPaths = (
				"$(DERIVED_FILE_DIR)/Pods-singleViewIosApp-checkManifestLockResult.txt",
			);
			runOnlyForDeploymentPostprocessing = 0;
			shellPath = /bin/sh;
			shellScript = "diff \"${PODS_PODFILE_DIR_PATH}/Podfile.lock\" \"${PODS_ROOT}/Manifest.lock\" > /dev/null\nif [ $? != 0 ] ; then\n    # print error to STDERR\n    echo \"error: The sandbox is not in sync with the Podfile.lock. Run 'pod install' or update your CocoaPods installation.\" >&2\n    exit 1\nfi\n# This output is used by Xcode 'outputs' to avoid re-running this script phase.\necho \"SUCCESS\" > \"${SCRIPT_OUTPUT_FILE_0}\"\n";
			showEnvVarsInLog = 0;
		};
/* End PBXShellScriptBuildPhase section */

/* Begin PBXSourcesBuildPhase section */
		7AF4D216239D6F460089357F /* Sources */ = {
			isa = PBXSourcesBuildPhase;
			buildActionMask = 2147483647;
			files = (
				7AF4D220239D6F460089357F /* ViewController.swift in Sources */,
				7AF4D21E239D6F460089357F /* AppDelegate.swift in Sources */,
			);
			runOnlyForDeploymentPostprocessing = 0;
		};
/* End PBXSourcesBuildPhase section */

/* Begin PBXVariantGroup section */
		7AF4D221239D6F460089357F /* Main.storyboard */ = {
			isa = PBXVariantGroup;
			children = (
				7AF4D222239D6F460089357F /* Base */,
			);
			name = Main.storyboard;
			sourceTree = "<group>";
		};
		7AF4D226239D6F490089357F /* LaunchScreen.storyboard */ = {
			isa = PBXVariantGroup;
			children = (
				7AF4D227239D6F490089357F /* Base */,
			);
			name = LaunchScreen.storyboard;
			sourceTree = "<group>";
		};
/* End PBXVariantGroup section */

/* Begin XCBuildConfiguration section */
		7AF4D22A239D6F490089357F /* Debug */ = {
			isa = XCBuildConfiguration;
			buildSettings = {
				ALWAYS_SEARCH_USER_PATHS = NO;
				CLANG_ANALYZER_NONNULL = YES;
				CLANG_ANALYZER_NUMBER_OBJECT_CONVERSION = YES_AGGRESSIVE;
				CLANG_CXX_LANGUAGE_STANDARD = "gnu++14";
				CLANG_CXX_LIBRARY = "libc++";
				CLANG_ENABLE_MODULES = YES;
				CLANG_ENABLE_OBJC_ARC = YES;
				CLANG_ENABLE_OBJC_WEAK = YES;
				CLANG_WARN_BLOCK_CAPTURE_AUTORELEASING = YES;
				CLANG_WARN_BOOL_CONVERSION = YES;
				CLANG_WARN_COMMA = YES;
				CLANG_WARN_CONSTANT_CONVERSION = YES;
				CLANG_WARN_DEPRECATED_OBJC_IMPLEMENTATIONS = YES;
				CLANG_WARN_DIRECT_OBJC_ISA_USAGE = YES_ERROR;
				CLANG_WARN_DOCUMENTATION_COMMENTS = YES;
				CLANG_WARN_EMPTY_BODY = YES;
				CLANG_WARN_ENUM_CONVERSION = YES;
				CLANG_WARN_INFINITE_RECURSION = YES;
				CLANG_WARN_INT_CONVERSION = YES;
				CLANG_WARN_NON_LITERAL_NULL_CONVERSION = YES;
				CLANG_WARN_OBJC_IMPLICIT_RETAIN_SELF = YES;
				CLANG_WARN_OBJC_LITERAL_CONVERSION = YES;
				CLANG_WARN_OBJC_ROOT_CLASS = YES_ERROR;
				CLANG_WARN_RANGE_LOOP_ANALYSIS = YES;
				CLANG_WARN_STRICT_PROTOTYPES = YES;
				CLANG_WARN_SUSPICIOUS_MOVE = YES;
				CLANG_WARN_UNGUARDED_AVAILABILITY = YES_AGGRESSIVE;
				CLANG_WARN_UNREACHABLE_CODE = YES;
				CLANG_WARN__DUPLICATE_METHOD_MATCH = YES;
				CODE_SIGN_IDENTITY = "iPhone Developer";
				COPY_PHASE_STRIP = NO;
				DEBUG_INFORMATION_FORMAT = dwarf;
				ENABLE_STRICT_OBJC_MSGSEND = YES;
				ENABLE_TESTABILITY = YES;
				GCC_C_LANGUAGE_STANDARD = gnu11;
				GCC_DYNAMIC_NO_PIC = NO;
				GCC_NO_COMMON_BLOCKS = YES;
				GCC_OPTIMIZATION_LEVEL = 0;
				GCC_PREPROCESSOR_DEFINITIONS = (
					"DEBUG=1",
					"$(inherited)",
				);
				GCC_WARN_64_TO_32_BIT_CONVERSION = YES;
				GCC_WARN_ABOUT_RETURN_TYPE = YES_ERROR;
				GCC_WARN_UNDECLARED_SELECTOR = YES;
				GCC_WARN_UNINITIALIZED_AUTOS = YES_AGGRESSIVE;
				GCC_WARN_UNUSED_FUNCTION = YES;
				GCC_WARN_UNUSED_VARIABLE = YES;
				IPHONEOS_DEPLOYMENT_TARGET = 12.1;
				MTL_ENABLE_DEBUG_INFO = INCLUDE_SOURCE;
				MTL_FAST_MATH = YES;
				ONLY_ACTIVE_ARCH = YES;
				SDKROOT = iphoneos;
				SWIFT_ACTIVE_COMPILATION_CONDITIONS = DEBUG;
				SWIFT_OPTIMIZATION_LEVEL = "-Onone";
			};
			name = Debug;
		};
		7AF4D22B239D6F490089357F /* Release */ = {
			isa = XCBuildConfiguration;
			buildSettings = {
				ALWAYS_SEARCH_USER_PATHS = NO;
				CLANG_ANALYZER_NONNULL = YES;
				CLANG_ANALYZER_NUMBER_OBJECT_CONVERSION = YES_AGGRESSIVE;
				CLANG_CXX_LANGUAGE_STANDARD = "gnu++14";
				CLANG_CXX_LIBRARY = "libc++";
				CLANG_ENABLE_MODULES = YES;
				CLANG_ENABLE_OBJC_ARC = YES;
				CLANG_ENABLE_OBJC_WEAK = YES;
				CLANG_WARN_BLOCK_CAPTURE_AUTORELEASING = YES;
				CLANG_WARN_BOOL_CONVERSION = YES;
				CLANG_WARN_COMMA = YES;
				CLANG_WARN_CONSTANT_CONVERSION = YES;
				CLANG_WARN_DEPRECATED_OBJC_IMPLEMENTATIONS = YES;
				CLANG_WARN_DIRECT_OBJC_ISA_USAGE = YES_ERROR;
				CLANG_WARN_DOCUMENTATION_COMMENTS = YES;
				CLANG_WARN_EMPTY_BODY = YES;
				CLANG_WARN_ENUM_CONVERSION = YES;
				CLANG_WARN_INFINITE_RECURSION = YES;
				CLANG_WARN_INT_CONVERSION = YES;
				CLANG_WARN_NON_LITERAL_NULL_CONVERSION = YES;
				CLANG_WARN_OBJC_IMPLICIT_RETAIN_SELF = YES;
				CLANG_WARN_OBJC_LITERAL_CONVERSION = YES;
				CLANG_WARN_OBJC_ROOT_CLASS = YES_ERROR;
				CLANG_WARN_RANGE_LOOP_ANALYSIS = YES;
				CLANG_WARN_STRICT_PROTOTYPES = YES;
				CLANG_WARN_SUSPICIOUS_MOVE = YES;
				CLANG_WARN_UNGUARDED_AVAILABILITY = YES_AGGRESSIVE;
				CLANG_WARN_UNREACHABLE_CODE = YES;
				CLANG_WARN__DUPLICATE_METHOD_MATCH = YES;
				CODE_SIGN_IDENTITY = "iPhone Developer";
				COPY_PHASE_STRIP = NO;
				DEBUG_INFORMATION_FORMAT = "dwarf-with-dsym";
				ENABLE_NS_ASSERTIONS = NO;
				ENABLE_STRICT_OBJC_MSGSEND = YES;
				GCC_C_LANGUAGE_STANDARD = gnu11;
				GCC_NO_COMMON_BLOCKS = YES;
				GCC_WARN_64_TO_32_BIT_CONVERSION = YES;
				GCC_WARN_ABOUT_RETURN_TYPE = YES_ERROR;
				GCC_WARN_UNDECLARED_SELECTOR = YES;
				GCC_WARN_UNINITIALIZED_AUTOS = YES_AGGRESSIVE;
				GCC_WARN_UNUSED_FUNCTION = YES;
				GCC_WARN_UNUSED_VARIABLE = YES;
				IPHONEOS_DEPLOYMENT_TARGET = 12.1;
				MTL_ENABLE_DEBUG_INFO = NO;
				MTL_FAST_MATH = YES;
				SDKROOT = iphoneos;
				SWIFT_COMPILATION_MODE = wholemodule;
				SWIFT_OPTIMIZATION_LEVEL = "-O";
				VALIDATE_PRODUCT = YES;
			};
			name = Release;
		};
		7AF4D22D239D6F490089357F /* Debug */ = {
			isa = XCBuildConfiguration;
			baseConfigurationReference = A1A92F990A4E1AECFC6BB169 /* Pods-singleViewIosApp.debug.xcconfig */;
			buildSettings = {
				ASSETCATALOG_COMPILER_APPICON_NAME = AppIcon;
				CODE_SIGN_STYLE = Automatic;
				INFOPLIST_FILE = singleViewIosApp/Info.plist;
				LD_RUNPATH_SEARCH_PATHS = (
					"$(inherited)",
					"@executable_path/Frameworks",
				);
				PRODUCT_BUNDLE_IDENTIFIER = eugeneapp.singleViewIosApp;
				PRODUCT_NAME = "$(TARGET_NAME)";
				SWIFT_VERSION = 4.2;
				TARGETED_DEVICE_FAMILY = "1,2";
			};
			name = Debug;
		};
		7AF4D22E239D6F490089357F /* Release */ = {
			isa = XCBuildConfiguration;
			baseConfigurationReference = ADA98A72EAFC9FC7DE748A55 /* Pods-singleViewIosApp.release.xcconfig */;
			buildSettings = {
				ASSETCATALOG_COMPILER_APPICON_NAME = AppIcon;
				CODE_SIGN_STYLE = Automatic;
				INFOPLIST_FILE = singleViewIosApp/Info.plist;
				LD_RUNPATH_SEARCH_PATHS = (
					"$(inherited)",
					"@executable_path/Frameworks",
				);
				PRODUCT_BUNDLE_IDENTIFIER = eugeneapp.singleViewIosApp;
				PRODUCT_NAME = "$(TARGET_NAME)";
				SWIFT_VERSION = 4.2;
				TARGETED_DEVICE_FAMILY = "1,2";
			};
			name = Release;
		};
/* End XCBuildConfiguration section */

/* Begin XCConfigurationList section */
		7AF4D215239D6F460089357F /* Build configuration list for PBXProject "singleViewIosApp" */ = {
			isa = XCConfigurationList;
			buildConfigurations = (
				7AF4D22A239D6F490089357F /* Debug */,
				7AF4D22B239D6F490089357F /* Release */,
			);
			defaultConfigurationIsVisible = 0;
			defaultConfigurationName = Release;
		};
		7AF4D22C239D6F490089357F /* Build configuration list for PBXNativeTarget "singleViewIosApp" */ = {
			isa = XCConfigurationList;
			buildConfigurations = (
				7AF4D22D239D6F490089357F /* Debug */,
				7AF4D22E239D6F490089357F /* Release */,
			);
			defaultConfigurationIsVisible = 0;
			defaultConfigurationName = Release;
		};
/* End XCConfigurationList section */
	};
	rootObject = 7AF4D212239D6F460089357F /* Project object */;
}
